
Microsoft Visual Studio Solution File, Format Version 12.00
# Visual Studio Version 16
VisualStudioVersion = 16.0.32510.428
MinimumVisualStudioVersion = 10.0.40219.1
Project("{8BC9CEB8-8B4A-11D0-8D11-00A0C91BC942}") = "Coding Test", "Coding Test\Coding Test.vcxproj", "{C2447D0B-2351-4ADE-98E9-50CDF6510570}"
EndProject
Global
	GlobalSection(SolutionConfigurationPlatforms) = preSolution
		Debug|x64 = Debug|x64
		Debug|x86 = Debug|x86
		Release|x64 = Release|x64
		Release|x86 = Release|x86
	EndGlobalSection
	GlobalSection(ProjectConfigurationPlatforms) = postSolution
		{C2447D0B-2351-4ADE-98E9-50CDF6510570}.Debug|x64.ActiveCfg = Debug|x64
		{C2447D0B-2351-4ADE-98E9-50CDF6510570}.Debug|x64.Build.0 = Debug|x64
		{C2447D0B-2351-4ADE-98E9-50CDF6510570}.Debug|x86.ActiveCfg = Debug|Win32
		{C2447D0B-2351-4ADE-98E9-50CDF6510570}.Debug|x86.Build.0 = Debug|Win32
		{C2447D0B-2351-4ADE-98E9-50CDF6510570}.Release|x64.ActiveCfg = Release|x64
		{C2447D0B-2351-4ADE-98E9-50CDF6510570}.Release|x64.Build.0 = Release|x64
		{C2447D0B-2351-4ADE-98E9-50CDF6510570}.Release|x86.ActiveCfg = Release|Win32
		{C2447D0B-2351-4ADE-98E9-50CDF6510570}.Release|x86.Build.0 = Release|Win32
	EndGlobalSection
	GlobalSection(SolutionProperties) = preSolution
		HideSolutionNode = FALSE
	EndGlobalSection
	GlobalSection(ExtensibilityGlobals) = postSolution
		SolutionGuid = {76EB32E2-128B-4F30-A95D-CEDD7D42738A}
	EndGlobalSection
EndGlobal
