<?xml version="1.0" encoding="utf-8"?>
<Project ToolsVersion="4.0" xmlns="http://schemas.microsoft.com/developer/msbuild/2003">
  <ItemGroup>
    <Filter Include="소스 파일">
      <UniqueIdentifier>{4FC737F1-C7A5-4376-A066-2A32D752A2FF}</UniqueIdentifier>
      <Extensions>cpp;c;cc;cxx;c++;cppm;ixx;def;odl;idl;hpj;bat;asm;asmx</Extensions>
    </Filter>
    <Filter Include="헤더 파일">
      <UniqueIdentifier>{93995380-89BD-4b04-88EB-625FBE52EBFB}</UniqueIdentifier>
      <Extensions>h;hh;hpp;hxx;h++;hm;inl;inc;ipp;xsd</Extensions>
    </Filter>
    <Filter Include="리소스 파일">
      <UniqueIdentifier>{67DA6AB6-F800-4c08-8B7A-83BB121AAD01}</UniqueIdentifier>
      <Extensions>rc;ico;cur;bmp;dlg;rc2;rct;bin;rgs;gif;jpg;jpeg;jpe;resx;tiff;tif;png;wav;mfcribbon-ms</Extensions>
    </Filter>
    <Filter Include="소스 파일\Baekjoon">
      <UniqueIdentifier>{ba1dda4d-358a-450d-8d51-b9b5ee5f12b9}</UniqueIdentifier>
    </Filter>
    <Filter Include="소스 파일\LeetCode">
      <UniqueIdentifier>{2708a12b-4265-4cfb-a2c9-6f60a600f92a}</UniqueIdentifier>
    </Filter>
    <Filter Include="소스 파일\math">
      <UniqueIdentifier>{b2bb5dfe-4c98-4a95-934e-19f1fe416369}</UniqueIdentifier>
    </Filter>
  </ItemGroup>
  <ItemGroup>
    <ClCompile Include="Baekjoon_1008.c">
      <Filter>소스 파일\Baekjoon</Filter>
    </ClCompile>
    <ClCompile Include="Baekjoon_1010.c">
      <Filter>소스 파일\Baekjoon</Filter>
    </ClCompile>
    <ClCompile Include="Baekjoon_1012.c">
      <Filter>소스 파일\Baekjoon</Filter>
    </ClCompile>
    <ClCompile Include="Baekjoon_2588.c">
      <Filter>소스 파일\Baekjoon</Filter>
    </ClCompile>
    <ClCompile Include="Baekjoon_2738.c">
      <Filter>소스 파일\Baekjoon</Filter>
    </ClCompile>
    <ClCompile Include="Baekjoon_2753.c">
      <Filter>소스 파일\Baekjoon</Filter>
    </ClCompile>
    <ClCompile Include="Baekjoon_2884.c">
      <Filter>소스 파일\Baekjoon</Filter>
    </ClCompile>
    <ClCompile Include="LeetCode_1342.c">
      <Filter>소스 파일\LeetCode</Filter>
    </ClCompile>
    <ClCompile Include="LeetCode_876.c">
      <Filter>소스 파일\LeetCode</Filter>
    </ClCompile>
    <ClCompile Include="LeetCode_383.c">
      <Filter>소스 파일\LeetCode</Filter>
    </ClCompile>
    <ClCompile Include="LeetCode_383_2.c">
      <Filter>소스 파일\LeetCode</Filter>
    </ClCompile>
    <ClCompile Include="LeetCode_1941.c">
      <Filter>소스 파일\LeetCode</Filter>
    </ClCompile>
    <ClCompile Include="LeetCode_888.c">
      <Filter>소스 파일\LeetCode</Filter>
    </ClCompile>
    <ClCompile Include="LeetCode_2283.c">
      <Filter>소스 파일\LeetCode</Filter>
    </ClCompile>
    <ClCompile Include="LeetCode_1614.c">
      <Filter>소스 파일\LeetCode</Filter>
    </ClCompile>
    <ClCompile Include="CodingTestMath.c">
      <Filter>소스 파일\math</Filter>
    </ClCompile>
    <ClCompile Include="LeetCode_2406.c">
      <Filter>소스 파일\LeetCode</Filter>
    </ClCompile>
    <ClCompile Include="LeetCode_1880.c">
      <Filter>소스 파일\LeetCode</Filter>
    </ClCompile>
    <ClCompile Include="LeetCode_1446.c">
      <Filter>소스 파일\LeetCode</Filter>
    </ClCompile>
    <ClCompile Include="BasicAlgorithms.cpp">
      <Filter>소스 파일</Filter>
    </ClCompile>
    <ClCompile Include="LeetCode_1030.cpp">
      <Filter>소스 파일\LeetCode</Filter>
    </ClCompile>
    <ClCompile Include="LeetCode_1.cpp">
      <Filter>소스 파일\LeetCode</Filter>
    </ClCompile>
    <ClCompile Include="LeetCode_1668.cpp">
      <Filter>소스 파일\LeetCode</Filter>
    </ClCompile>
    <ClCompile Include="LeetCode_2331.cpp">
      <Filter>소스 파일\LeetCode</Filter>
    </ClCompile>
  </ItemGroup>
  <ItemGroup>
    <ClInclude Include="types.h">
      <Filter>헤더 파일</Filter>
    </ClInclude>
    <ClInclude Include="CodingTestMathExport.h">
      <Filter>헤더 파일</Filter>
    </ClInclude>
  </ItemGroup>
</Project>